{
  "name": "mcp-app-playground",
  "version": "0.0.2",
  "lockfileVersion": 3,
  "requires": true,
  "packages": {
    "": {
      "name": "mcp-app-playground",
      "version": "0.0.2",
      "license": "MIT",
      "bin": {
        "mcp-app-playground": "bin/mcp-app-playground.mjs"
      },
      "engines": {
        "node": ">=18"
      }
    }
  }
}
